github.com/davecgh/go-spew v1.1.1 h1:vj9j/u1bqnvCEfJOwUhtlOARqs3+rkHYY13jYWTU97c=
github.com/djherbis/times v1.5.0 h1:79myA211VwPhFTqUk8xehWrsEO+zcIZj0zT8mXPVARU=
github.com/forensicanalysis/artifactlib v0.17.0 h1:3LD0Ht2wrXFKLBJqWC3Z61yv13dwb45fmKhuB0lHgQE=
github.com/forensicanalysis/artifactlib v0.17.0/go.mod h1:KxYXjyuLqG2kBmRIXLLzbWvKVrk3smbjzyc9Sy1Xl4w=
github.com/forensicanalysis/fsdoublestar v0.1.0 h1:t0SuwumE5FQtrw1ZkkNhxQbaWn8LywqdnCpEBX0n/Fc=
github.com/forensicanalysis/fsdoublestar v0.1.0/go.mod h1:UpG3oKY5UiFTnbxqp4/1h6WuaDtlPZcL6Hu5yI3DsL0=
github.com/forensicanalysis/fslib v0.15.1 h1:mB30Tn2xwW6+nvV6FLbKqz1BYtHJpt3j3oyHpXGrJCQ=
github.com/hashicorp/golang-lru v0.5.4 h1:YDjusn29QI/Das2iO9M0BHnIbxPeyuCHsjMW+lJfyTc=
golang.org/x/sys v0.0.0-20210218155724-8ebf48af031b h1:lAZ0/chPUDWwjqosYR0X4M490zQhMsiJ4K3DbA7o+3g=
gopkg.in/check.v1 v0.0.0-20161208181325-20d25e280405 h1:yhCVgyC4o1eVCa2tZl7eS0r+SDo693bJlVdllGtEeKM=
gopkg.in/check.v1 v0.0.0-20161208181325-20d25e280405/go.mod h1:Co6ibVJAznAaIkqp8huTwlJQCZ016jof/cbN4VW5Yz0=
gopkg.in/yaml.v2 v2.4.0 h1:D8xgwECY7CYvx+Y2n4sBz93Jn9JRvxdiyyo8CTfuKaY=
gopkg.in/yaml.v2 v2.4.0/go.mod h1:RDklbk79AGWmwhnvt/jBztapEOGDOx6ZbXqjP6csGnQ=
www.velocidex.com/golang/go-ntfs v0.1.1 h1:///bh0pjoKMHC8x/Q1yaIm2Wa2UNOYwmVti9PsR3i9A=
